
Microsoft Visual Studio Solution File, Format Version 12.00
# Visual Studio Version 16
VisualStudioVersion = 16.0.30804.86
MinimumVisualStudioVersion = 10.0.40219.1
Project("{FAE04EC0-301F-11D3-BF4B-00C04F79EFBC}") = "StarGraph", "StarGraph\StarGraph.csproj", "{BFA25687-B9F2-4E7C-B6EC-5C485758B639}"
EndProject
Project("{FAE04EC0-301F-11D3-BF4B-00C04F79EFBC}") = "StarGraph.Dev", "StarGraph.Dev\StarGraph.Dev.csproj", "{E11E4287-9F22-465C-9705-E58CAF475D33}"
EndProject
Project("{FAE04EC0-301F-11D3-BF4B-00C04F79EFBC}") = "StarGraph.Functions", "StarGraph.Functions\StarGraph.Functions.csproj", "{6C880B4F-D819-4C4A-8E2F-86313C88B360}"
EndProject
Global
	GlobalSection(SolutionConfigurationPlatforms) = preSolution
		Debug|Any CPU = Debug|Any CPU
		Release|Any CPU = Release|Any CPU
	EndGlobalSection
	GlobalSection(ProjectConfigurationPlatforms) = postSolution
		{BFA25687-B9F2-4E7C-B6EC-5C485758B639}.Debug|Any CPU.ActiveCfg = Debug|Any CPU
		{BFA25687-B9F2-4E7C-B6EC-5C485758B639}.Debug|Any CPU.Build.0 = Debug|Any CPU
		{BFA25687-B9F2-4E7C-B6EC-5C485758B639}.Release|Any CPU.ActiveCfg = Release|Any CPU
		{BFA25687-B9F2-4E7C-B6EC-5C485758B639}.Release|Any CPU.Build.0 = Release|Any CPU
		{E11E4287-9F22-465C-9705-E58CAF475D33}.Debug|Any CPU.ActiveCfg = Debug|Any CPU
		{E11E4287-9F22-465C-9705-E58CAF475D33}.Debug|Any CPU.Build.0 = Debug|Any CPU
		{E11E4287-9F22-465C-9705-E58CAF475D33}.Release|Any CPU.ActiveCfg = Release|Any CPU
		{E11E4287-9F22-465C-9705-E58CAF475D33}.Release|Any CPU.Build.0 = Release|Any CPU
		{6C880B4F-D819-4C4A-8E2F-86313C88B360}.Debug|Any CPU.ActiveCfg = Debug|Any CPU
		{6C880B4F-D819-4C4A-8E2F-86313C88B360}.Debug|Any CPU.Build.0 = Debug|Any CPU
		{6C880B4F-D819-4C4A-8E2F-86313C88B360}.Release|Any CPU.ActiveCfg = Release|Any CPU
		{6C880B4F-D819-4C4A-8E2F-86313C88B360}.Release|Any CPU.Build.0 = Release|Any CPU
	EndGlobalSection
	GlobalSection(SolutionProperties) = preSolution
		HideSolutionNode = FALSE
	EndGlobalSection
	GlobalSection(ExtensibilityGlobals) = postSolution
		SolutionGuid = {BCCEA395-1E0C-4BE5-AF32-56465B6727B9}
	EndGlobalSection
EndGlobal
